
Microsoft Visual Studio Solution File, Format Version 12.00
# Visual Studio 15
VisualStudioVersion = 15.0.28307.136
MinimumVisualStudioVersion = 10.0.40219.1
Project("{FAE04EC0-301F-11D3-BF4B-00C04F79EFBC}") = "Angular6HRPayroll", "Angular6HRPayroll\Angular6HRPayroll.csproj", "{120E2A16-3858-4346-98BB-4D1379204825}"
EndProject
Global
	GlobalSection(SolutionConfigurationPlatforms) = preSolution
		Debug|Any CPU = Debug|Any CPU
		Release|Any CPU = Release|Any CPU
	EndGlobalSection
	GlobalSection(ProjectConfigurationPlatforms) = postSolution
		{120E2A16-3858-4346-98BB-4D1379204825}.Debug|Any CPU.ActiveCfg = Debug|Any CPU
		{120E2A16-3858-4346-98BB-4D1379204825}.Debug|Any CPU.Build.0 = Debug|Any CPU
		{120E2A16-3858-4346-98BB-4D1379204825}.Release|Any CPU.ActiveCfg = Release|Any CPU
		{120E2A16-3858-4346-98BB-4D1379204825}.Release|Any CPU.Build.0 = Release|Any CPU
	EndGlobalSection
	GlobalSection(SolutionProperties) = preSolution
		HideSolutionNode = FALSE
	EndGlobalSection
	GlobalSection(ExtensibilityGlobals) = postSolution
		SolutionGuid = {2636B575-74ED-4F4A-9FD9-7ABA26934773}
	EndGlobalSection
EndGlobal
